
Microsoft Visual Studio Solution File, Format Version 12.00
# Visual Studio Version 16
VisualStudioVersion = 16.0.30717.126
MinimumVisualStudioVersion = 10.0.40219.1
Project("{9A19103F-16F7-4668-BE54-9A1E7A4F7556}") = "POS.Services", "POS.Services\POS.Services.csproj", "{DEC707E0-6065-4232-A1D2-5943007D3F3F}"
EndProject
Project("{9A19103F-16F7-4668-BE54-9A1E7A4F7556}") = "POS.EF", "POS.EF\POS.EF.csproj", "{FF49F052-916F-48A4-830F-44C8E3C306FD}"
EndProject
Project("{9A19103F-16F7-4668-BE54-9A1E7A4F7556}") = "POS.UI", "POS.UI\POS.UI.csproj", "{456566DE-A9ED-4251-AC98-9FB6CB0E2AE1}"
EndProject
Project("{9A19103F-16F7-4668-BE54-9A1E7A4F7556}") = "POS.Domain", "POS.Domain\POS.Domain.csproj", "{766EABCA-58D4-44FC-81CB-FE3BA75734D9}"
EndProject
Project("{9A19103F-16F7-4668-BE54-9A1E7A4F7556}") = "POS.API", "POS.API\POS.API.csproj", "{6D16D3C6-3BF0-4A4B-BCD2-B05631D6F0B4}"
EndProject
Global
	GlobalSection(SolutionConfigurationPlatforms) = preSolution
		Debug|Any CPU = Debug|Any CPU
		Release|Any CPU = Release|Any CPU
	EndGlobalSection
	GlobalSection(ProjectConfigurationPlatforms) = postSolution
		{DEC707E0-6065-4232-A1D2-5943007D3F3F}.Debug|Any CPU.ActiveCfg = Debug|Any CPU
		{DEC707E0-6065-4232-A1D2-5943007D3F3F}.Debug|Any CPU.Build.0 = Debug|Any CPU
		{DEC707E0-6065-4232-A1D2-5943007D3F3F}.Release|Any CPU.ActiveCfg = Release|Any CPU
		{DEC707E0-6065-4232-A1D2-5943007D3F3F}.Release|Any CPU.Build.0 = Release|Any CPU
		{FF49F052-916F-48A4-830F-44C8E3C306FD}.Debug|Any CPU.ActiveCfg = Debug|Any CPU
		{FF49F052-916F-48A4-830F-44C8E3C306FD}.Debug|Any CPU.Build.0 = Debug|Any CPU
		{FF49F052-916F-48A4-830F-44C8E3C306FD}.Release|Any CPU.ActiveCfg = Release|Any CPU
		{FF49F052-916F-48A4-830F-44C8E3C306FD}.Release|Any CPU.Build.0 = Release|Any CPU
		{456566DE-A9ED-4251-AC98-9FB6CB0E2AE1}.Debug|Any CPU.ActiveCfg = Debug|Any CPU
		{456566DE-A9ED-4251-AC98-9FB6CB0E2AE1}.Debug|Any CPU.Build.0 = Debug|Any CPU
		{456566DE-A9ED-4251-AC98-9FB6CB0E2AE1}.Release|Any CPU.ActiveCfg = Release|Any CPU
		{456566DE-A9ED-4251-AC98-9FB6CB0E2AE1}.Release|Any CPU.Build.0 = Release|Any CPU
		{766EABCA-58D4-44FC-81CB-FE3BA75734D9}.Debug|Any CPU.ActiveCfg = Debug|Any CPU
		{766EABCA-58D4-44FC-81CB-FE3BA75734D9}.Debug|Any CPU.Build.0 = Debug|Any CPU
		{766EABCA-58D4-44FC-81CB-FE3BA75734D9}.Release|Any CPU.ActiveCfg = Release|Any CPU
		{766EABCA-58D4-44FC-81CB-FE3BA75734D9}.Release|Any CPU.Build.0 = Release|Any CPU
		{6D16D3C6-3BF0-4A4B-BCD2-B05631D6F0B4}.Debug|Any CPU.ActiveCfg = Debug|Any CPU
		{6D16D3C6-3BF0-4A4B-BCD2-B05631D6F0B4}.Debug|Any CPU.Build.0 = Debug|Any CPU
		{6D16D3C6-3BF0-4A4B-BCD2-B05631D6F0B4}.Release|Any CPU.ActiveCfg = Release|Any CPU
		{6D16D3C6-3BF0-4A4B-BCD2-B05631D6F0B4}.Release|Any CPU.Build.0 = Release|Any CPU
	EndGlobalSection
	GlobalSection(SolutionProperties) = preSolution
		HideSolutionNode = FALSE
	EndGlobalSection
	GlobalSection(ExtensibilityGlobals) = postSolution
		SolutionGuid = {949F18B4-E71E-48B4-B682-C932C3AFAF34}
	EndGlobalSection
EndGlobal
